
Microsoft Visual Studio Solution File, Format Version 12.00
# Visual Studio Version 17
VisualStudioVersion = 17.9.34607.119
MinimumVisualStudioVersion = 10.0.40219.1
Project("{8BC9CEB8-8B4A-11D0-8D11-00A0C91BC942}") = "Perulangan_fungsi_procedure_19Maret", "Perulangan_fungsi_procedure_19Maret\Perulangan_fungsi_procedure_19Maret.vcxproj", "{BC63958E-2190-4158-8278-6BC21BD445F5}"
EndProject
Project("{8BC9CEB8-8B4A-11D0-8D11-00A0C91BC942}") = "Perulangan While", "Perulangan While\Perulangan While.vcxproj", "{BDE09922-A650-4235-B9C8-3BBB6E9292EF}"
EndProject
Project("{8BC9CEB8-8B4A-11D0-8D11-00A0C91BC942}") = "Perulangan Do_While", "Perulangan Do_While\Perulangan Do_While.vcxproj", "{25C845B0-A068-436A-B3EB-4AA7F13FB680}"
EndProject
Project("{8BC9CEB8-8B4A-11D0-8D11-00A0C91BC942}") = "FUNGSI DAN PROCEDURE", "FUNGSI DAN PROCEDURE\FUNGSI DAN PROCEDURE.vcxproj", "{FE005FCB-EA0A-4A76-A57E-AA8EC0BE4744}"
EndProject
Global
	GlobalSection(SolutionConfigurationPlatforms) = preSolution
		Debug|x64 = Debug|x64
		Debug|x86 = Debug|x86
		Release|x64 = Release|x64
		Release|x86 = Release|x86
	EndGlobalSection
	GlobalSection(ProjectConfigurationPlatforms) = postSolution
		{BC63958E-2190-4158-8278-6BC21BD445F5}.Debug|x64.ActiveCfg = Debug|x64
		{BC63958E-2190-4158-8278-6BC21BD445F5}.Debug|x64.Build.0 = Debug|x64
		{BC63958E-2190-4158-8278-6BC21BD445F5}.Debug|x86.ActiveCfg = Debug|Win32
		{BC63958E-2190-4158-8278-6BC21BD445F5}.Debug|x86.Build.0 = Debug|Win32
		{BC63958E-2190-4158-8278-6BC21BD445F5}.Release|x64.ActiveCfg = Release|x64
		{BC63958E-2190-4158-8278-6BC21BD445F5}.Release|x64.Build.0 = Release|x64
		{BC63958E-2190-4158-8278-6BC21BD445F5}.Release|x86.ActiveCfg = Release|Win32
		{BC63958E-2190-4158-8278-6BC21BD445F5}.Release|x86.Build.0 = Release|Win32
		{BDE09922-A650-4235-B9C8-3BBB6E9292EF}.Debug|x64.ActiveCfg = Debug|x64
		{BDE09922-A650-4235-B9C8-3BBB6E9292EF}.Debug|x64.Build.0 = Debug|x64
		{BDE09922-A650-4235-B9C8-3BBB6E9292EF}.Debug|x86.ActiveCfg = Debug|Win32
		{BDE09922-A650-4235-B9C8-3BBB6E9292EF}.Debug|x86.Build.0 = Debug|Win32
		{BDE09922-A650-4235-B9C8-3BBB6E9292EF}.Release|x64.ActiveCfg = Release|x64
		{BDE09922-A650-4235-B9C8-3BBB6E9292EF}.Release|x64.Build.0 = Release|x64
		{BDE09922-A650-4235-B9C8-3BBB6E9292EF}.Release|x86.ActiveCfg = Release|Win32
		{BDE09922-A650-4235-B9C8-3BBB6E9292EF}.Release|x86.Build.0 = Release|Win32
		{25C845B0-A068-436A-B3EB-4AA7F13FB680}.Debug|x64.ActiveCfg = Debug|x64
		{25C845B0-A068-436A-B3EB-4AA7F13FB680}.Debug|x64.Build.0 = Debug|x64
		{25C845B0-A068-436A-B3EB-4AA7F13FB680}.Debug|x86.ActiveCfg = Debug|Win32
		{25C845B0-A068-436A-B3EB-4AA7F13FB680}.Debug|x86.Build.0 = Debug|Win32
		{25C845B0-A068-436A-B3EB-4AA7F13FB680}.Release|x64.ActiveCfg = Release|x64
		{25C845B0-A068-436A-B3EB-4AA7F13FB680}.Release|x64.Build.0 = Release|x64
		{25C845B0-A068-436A-B3EB-4AA7F13FB680}.Release|x86.ActiveCfg = Release|Win32
		{25C845B0-A068-436A-B3EB-4AA7F13FB680}.Release|x86.Build.0 = Release|Win32
		{FE005FCB-EA0A-4A76-A57E-AA8EC0BE4744}.Debug|x64.ActiveCfg = Debug|x64
		{FE005FCB-EA0A-4A76-A57E-AA8EC0BE4744}.Debug|x64.Build.0 = Debug|x64
		{FE005FCB-EA0A-4A76-A57E-AA8EC0BE4744}.Debug|x86.ActiveCfg = Debug|Win32
		{FE005FCB-EA0A-4A76-A57E-AA8EC0BE4744}.Debug|x86.Build.0 = Debug|Win32
		{FE005FCB-EA0A-4A76-A57E-AA8EC0BE4744}.Release|x64.ActiveCfg = Release|x64
		{FE005FCB-EA0A-4A76-A57E-AA8EC0BE4744}.Release|x64.Build.0 = Release|x64
		{FE005FCB-EA0A-4A76-A57E-AA8EC0BE4744}.Release|x86.ActiveCfg = Release|Win32
		{FE005FCB-EA0A-4A76-A57E-AA8EC0BE4744}.Release|x86.Build.0 = Release|Win32
	EndGlobalSection
	GlobalSection(SolutionProperties) = preSolution
		HideSolutionNode = FALSE
	EndGlobalSection
	GlobalSection(ExtensibilityGlobals) = postSolution
		SolutionGuid = {292DD498-F061-41D4-BDBF-51652CF74C5C}
	EndGlobalSection
EndGlobal
